<Solution>
  <Configurations>
    <BuildType Name="Debug" />
    <BuildType Name="ExportDebug" />
    <BuildType Name="ExportRelease" />
  </Configurations>
  <Project Path="sbd.2dog/sbd.2dog.csproj">
    <BuildType Project="Debug" />
  </Project>
  <Project Path="sbd.csproj" />
  <Project Path="sbd.tests/sbd.tests.csproj">
    <BuildType Project="Debug" />
  </Project>
  <Project Path="sbd.web/sbd.web.csproj">
    <BuildType Project="Debug" />
  </Project>
</Solution>
