<?xml version='1.0' encoding='utf-8'?>
<Solution>
  <Configurations>
    <BuildType Name="Debug" />
    <BuildType Name="Release" />
  </Configurations>
  <Project Path="sbd.2dog/sbd.2dog.csproj">
    </Project>
  <Project Path="sbd.csproj" />
  <Project Path="sbd.tests/sbd.tests.csproj">
    </Project>
  <Project Path="sbd.web/sbd.web.csproj">
    </Project>
</Solution>